// !$*UTF8*$!
{
	archiveVersion = 1;
	classes = {
	};
	objectVersion = 50;
	objects = {

/* Begin PBXBuildFile section */
		7231BFD722D07CBA00144F98 /* main.cpp in Sources */ = {isa = PBXBuildFile; fileRef = 7231BFD622D07CBA00144F98 /* main.cpp */; };
		7231BFE222D0816500144F98 /* main.cpp in Sources */ = {isa = PBXBuildFile; fileRef = 7231BFE122D0816500144F98 /* main.cpp */; };
		7295C79C22E3533B009E9060 /* main.cpp in Sources */ = {isa = PBXBuildFile; fileRef = 7295C79B22E3533B009E9060 /* main.cpp */; };
		7295C7A722E35A1A009E9060 /* main.cpp in Sources */ = {isa = PBXBuildFile; fileRef = 7295C7A622E35A1A009E9060 /* main.cpp */; };
		72A8E90022DA197100D9E337 /* main.cpp in Sources */ = {isa = PBXBuildFile; fileRef = 72A8E8FF22DA197100D9E337 /* main.cpp */; };
		72A8E90C22DA1F8A00D9E337 /* main.cpp in Sources */ = {isa = PBXBuildFile; fileRef = 72A8E90B22DA1F8A00D9E337 /* main.cpp */; };
		72D8DAEC22E60604001F0CBF /* main.cpp in Sources */ = {isa = PBXBuildFile; fileRef = 72D8DAEB22E60604001F0CBF /* main.cpp */; };
		72D8DAF722E60955001F0CBF /* main.cpp in Sources */ = {isa = PBXBuildFile; fileRef = 72D8DAF622E60955001F0CBF /* main.cpp */; };
		72E31DB922CF91BF00CFB43F /* main.cpp in Sources */ = {isa = PBXBuildFile; fileRef = 72E31DB822CF91BF00CFB43F /* main.cpp */; };
		72E31DC622CF925B00CFB43F /* main.cpp in Sources */ = {isa = PBXBuildFile; fileRef = 72E31DC522CF925B00CFB43F /* main.cpp */; };
		72E31DD122CF958A00CFB43F /* main.cpp in Sources */ = {isa = PBXBuildFile; fileRef = 72E31DD022CF958A00CFB43F /* main.cpp */; };
/* End PBXBuildFile section */

/* Begin PBXCopyFilesBuildPhase section */
		7231BFD222D07CBA00144F98 /* CopyFiles */ = {
			isa = PBXCopyFilesBuildPhase;
			buildActionMask = 2147483647;
			dstPath = /usr/share/man/man1/;
			dstSubfolderSpec = 0;
			files = (
			);
			runOnlyForDeploymentPostprocessing = 1;
		};
		7231BFDD22D0816500144F98 /* CopyFiles */ = {
			isa = PBXCopyFilesBuildPhase;
			buildActionMask = 2147483647;
			dstPath = /usr/share/man/man1/;
			dstSubfolderSpec = 0;
			files = (
			);
			runOnlyForDeploymentPostprocessing = 1;
		};
		7295C79722E3533B009E9060 /* CopyFiles */ = {
			isa = PBXCopyFilesBuildPhase;
			buildActionMask = 2147483647;
			dstPath = /usr/share/man/man1/;
			dstSubfolderSpec = 0;
			files = (
			);
			runOnlyForDeploymentPostprocessing = 1;
		};
		7295C7A222E35A1A009E9060 /* CopyFiles */ = {
			isa = PBXCopyFilesBuildPhase;
			buildActionMask = 2147483647;
			dstPath = /usr/share/man/man1/;
			dstSubfolderSpec = 0;
			files = (
			);
			runOnlyForDeploymentPostprocessing = 1;
		};
		72A8E8FB22DA197100D9E337 /* CopyFiles */ = {
			isa = PBXCopyFilesBuildPhase;
			buildActionMask = 2147483647;
			dstPath = /usr/share/man/man1/;
			dstSubfolderSpec = 0;
			files = (
			);
			runOnlyForDeploymentPostprocessing = 1;
		};
		72A8E90722DA1F8A00D9E337 /* CopyFiles */ = {
			isa = PBXCopyFilesBuildPhase;
			buildActionMask = 2147483647;
			dstPath = /usr/share/man/man1/;
			dstSubfolderSpec = 0;
			files = (
			);
			runOnlyForDeploymentPostprocessing = 1;
		};
		72D8DAE722E60604001F0CBF /* CopyFiles */ = {
			isa = PBXCopyFilesBuildPhase;
			buildActionMask = 2147483647;
			dstPath = /usr/share/man/man1/;
			dstSubfolderSpec = 0;
			files = (
			);
			runOnlyForDeploymentPostprocessing = 1;
		};
		72D8DAF222E60955001F0CBF /* CopyFiles */ = {
			isa = PBXCopyFilesBuildPhase;
			buildActionMask = 2147483647;
			dstPath = /usr/share/man/man1/;
			dstSubfolderSpec = 0;
			files = (
			);
			runOnlyForDeploymentPostprocessing = 1;
		};
		72E31DB322CF91BF00CFB43F /* CopyFiles */ = {
			isa = PBXCopyFilesBuildPhase;
			buildActionMask = 2147483647;
			dstPath = /usr/share/man/man1/;
			dstSubfolderSpec = 0;
			files = (
			);
			runOnlyForDeploymentPostprocessing = 1;
		};
		72E31DC122CF925B00CFB43F /* CopyFiles */ = {
			isa = PBXCopyFilesBuildPhase;
			buildActionMask = 2147483647;
			dstPath = /usr/share/man/man1/;
			dstSubfolderSpec = 0;
			files = (
			);
			runOnlyForDeploymentPostprocessing = 1;
		};
		72E31DCC22CF958A00CFB43F /* CopyFiles */ = {
			isa = PBXCopyFilesBuildPhase;
			buildActionMask = 2147483647;
			dstPath = /usr/share/man/man1/;
			dstSubfolderSpec = 0;
			files = (
			);
			runOnlyForDeploymentPostprocessing = 1;
		};
/* End PBXCopyFilesBuildPhase section */

/* Begin PBXFileReference section */
		7231BFD422D07CBA00144F98 /* override_test */ = {isa = PBXFileReference; explicitFileType = "compiled.mach-o.executable"; includeInIndex = 0; path = override_test; sourceTree = BUILT_PRODUCTS_DIR; };
		7231BFD622D07CBA00144F98 /* main.cpp */ = {isa = PBXFileReference; lastKnownFileType = sourcecode.cpp.cpp; path = main.cpp; sourceTree = "<group>"; };
		7231BFDF22D0816500144F98 /* purevirtual */ = {isa = PBXFileReference; explicitFileType = "compiled.mach-o.executable"; includeInIndex = 0; path = purevirtual; sourceTree = BUILT_PRODUCTS_DIR; };
		7231BFE122D0816500144F98 /* main.cpp */ = {isa = PBXFileReference; lastKnownFileType = sourcecode.cpp.cpp; path = main.cpp; sourceTree = "<group>"; };
		7231BFE622D0840600144F98 /* Header.h */ = {isa = PBXFileReference; lastKnownFileType = sourcecode.c.h; path = Header.h; sourceTree = "<group>"; };
		7295C79922E3533B009E9060 /* Reference */ = {isa = PBXFileReference; explicitFileType = "compiled.mach-o.executable"; includeInIndex = 0; path = Reference; sourceTree = BUILT_PRODUCTS_DIR; };
		7295C79B22E3533B009E9060 /* main.cpp */ = {isa = PBXFileReference; lastKnownFileType = sourcecode.cpp.cpp; path = main.cpp; sourceTree = "<group>"; };
		7295C7A422E35A1A009E9060 /* template */ = {isa = PBXFileReference; explicitFileType = "compiled.mach-o.executable"; includeInIndex = 0; path = template; sourceTree = BUILT_PRODUCTS_DIR; };
		7295C7A622E35A1A009E9060 /* main.cpp */ = {isa = PBXFileReference; lastKnownFileType = sourcecode.cpp.cpp; path = main.cpp; sourceTree = "<group>"; };
		72A8E8FD22DA197100D9E337 /* JZ1 */ = {isa = PBXFileReference; explicitFileType = "compiled.mach-o.executable"; includeInIndex = 0; path = JZ1; sourceTree = BUILT_PRODUCTS_DIR; };
		72A8E8FF22DA197100D9E337 /* main.cpp */ = {isa = PBXFileReference; lastKnownFileType = sourcecode.cpp.cpp; path = main.cpp; sourceTree = "<group>"; };
		72A8E90422DA1B3600D9E337 /* Header.h */ = {isa = PBXFileReference; lastKnownFileType = sourcecode.c.h; path = Header.h; sourceTree = "<group>"; };
		72A8E90922DA1F8A00D9E337 /* JZ3 */ = {isa = PBXFileReference; explicitFileType = "compiled.mach-o.executable"; includeInIndex = 0; path = JZ3; sourceTree = BUILT_PRODUCTS_DIR; };
		72A8E90B22DA1F8A00D9E337 /* main.cpp */ = {isa = PBXFileReference; lastKnownFileType = sourcecode.cpp.cpp; path = main.cpp; sourceTree = "<group>"; };
		72D8DAE922E60604001F0CBF /* JZ4 */ = {isa = PBXFileReference; explicitFileType = "compiled.mach-o.executable"; includeInIndex = 0; path = JZ4; sourceTree = BUILT_PRODUCTS_DIR; };
		72D8DAEB22E60604001F0CBF /* main.cpp */ = {isa = PBXFileReference; lastKnownFileType = sourcecode.cpp.cpp; path = main.cpp; sourceTree = "<group>"; };
		72D8DAF422E60955001F0CBF /* JZ5 */ = {isa = PBXFileReference; explicitFileType = "compiled.mach-o.executable"; includeInIndex = 0; path = JZ5; sourceTree = BUILT_PRODUCTS_DIR; };
		72D8DAF622E60955001F0CBF /* main.cpp */ = {isa = PBXFileReference; lastKnownFileType = sourcecode.cpp.cpp; path = main.cpp; sourceTree = "<group>"; };
		72E31DB522CF91BF00CFB43F /* C-Primer */ = {isa = PBXFileReference; explicitFileType = "compiled.mach-o.executable"; includeInIndex = 0; path = "C-Primer"; sourceTree = BUILT_PRODUCTS_DIR; };
		72E31DB822CF91BF00CFB43F /* main.cpp */ = {isa = PBXFileReference; lastKnownFileType = sourcecode.cpp.cpp; path = main.cpp; sourceTree = "<group>"; };
		72E31DC322CF925B00CFB43F /* virtualFunction */ = {isa = PBXFileReference; explicitFileType = "compiled.mach-o.executable"; includeInIndex = 0; path = virtualFunction; sourceTree = BUILT_PRODUCTS_DIR; };
		72E31DC522CF925B00CFB43F /* main.cpp */ = {isa = PBXFileReference; lastKnownFileType = sourcecode.cpp.cpp; path = main.cpp; sourceTree = "<group>"; };
		72E31DCE22CF958A00CFB43F /* inheritance */ = {isa = PBXFileReference; explicitFileType = "compiled.mach-o.executable"; includeInIndex = 0; path = inheritance; sourceTree = BUILT_PRODUCTS_DIR; };
		72E31DD022CF958A00CFB43F /* main.cpp */ = {isa = PBXFileReference; lastKnownFileType = sourcecode.cpp.cpp; path = main.cpp; sourceTree = "<group>"; };
/* End PBXFileReference section */

/* Begin PBXFrameworksBuildPhase section */
		7231BFD122D07CBA00144F98 /* Frameworks */ = {
			isa = PBXFrameworksBuildPhase;
			buildActionMask = 2147483647;
			files = (
			);
			runOnlyForDeploymentPostprocessing = 0;
		};
		7231BFDC22D0816500144F98 /* Frameworks */ = {
			isa = PBXFrameworksBuildPhase;
			buildActionMask = 2147483647;
			files = (
			);
			runOnlyForDeploymentPostprocessing = 0;
		};
		7295C79622E3533B009E9060 /* Frameworks */ = {
			isa = PBXFrameworksBuildPhase;
			buildActionMask = 2147483647;
			files = (
			);
			runOnlyForDeploymentPostprocessing = 0;
		};
		7295C7A122E35A1A009E9060 /* Frameworks */ = {
			isa = PBXFrameworksBuildPhase;
			buildActionMask = 2147483647;
			files = (
			);
			runOnlyForDeploymentPostprocessing = 0;
		};
		72A8E8FA22DA197100D9E337 /* Frameworks */ = {
			isa = PBXFrameworksBuildPhase;
			buildActionMask = 2147483647;
			files = (
			);
			runOnlyForDeploymentPostprocessing = 0;
		};
		72A8E90622DA1F8A00D9E337 /* Frameworks */ = {
			isa = PBXFrameworksBuildPhase;
			buildActionMask = 2147483647;
			files = (
			);
			runOnlyForDeploymentPostprocessing = 0;
		};
		72D8DAE622E60604001F0CBF /* Frameworks */ = {
			isa = PBXFrameworksBuildPhase;
			buildActionMask = 2147483647;
			files = (
			);
			runOnlyForDeploymentPostprocessing = 0;
		};
		72D8DAF122E60955001F0CBF /* Frameworks */ = {
			isa = PBXFrameworksBuildPhase;
			buildActionMask = 2147483647;
			files = (
			);
			runOnlyForDeploymentPostprocessing = 0;
		};
		72E31DB222CF91BF00CFB43F /* Frameworks */ = {
			isa = PBXFrameworksBuildPhase;
			buildActionMask = 2147483647;
			files = (
			);
			runOnlyForDeploymentPostprocessing = 0;
		};
		72E31DC022CF925B00CFB43F /* Frameworks */ = {
			isa = PBXFrameworksBuildPhase;
			buildActionMask = 2147483647;
			files = (
			);
			runOnlyForDeploymentPostprocessing = 0;
		};
		72E31DCB22CF958A00CFB43F /* Frameworks */ = {
			isa = PBXFrameworksBuildPhase;
			buildActionMask = 2147483647;
			files = (
			);
			runOnlyForDeploymentPostprocessing = 0;
		};
/* End PBXFrameworksBuildPhase section */

/* Begin PBXGroup section */
		7231BFD522D07CBA00144F98 /* override_test */ = {
			isa = PBXGroup;
			children = (
				7231BFD622D07CBA00144F98 /* main.cpp */,
			);
			path = override_test;
			sourceTree = "<group>";
		};
		7231BFE022D0816500144F98 /* purevirtual */ = {
			isa = PBXGroup;
			children = (
				7231BFE122D0816500144F98 /* main.cpp */,
				7231BFE622D0840600144F98 /* Header.h */,
			);
			path = purevirtual;
			sourceTree = "<group>";
		};
		7295C79A22E3533B009E9060 /* Reference */ = {
			isa = PBXGroup;
			children = (
				7295C79B22E3533B009E9060 /* main.cpp */,
			);
			path = Reference;
			sourceTree = "<group>";
		};
		7295C7A522E35A1A009E9060 /* template */ = {
			isa = PBXGroup;
			children = (
				7295C7A622E35A1A009E9060 /* main.cpp */,
			);
			path = template;
			sourceTree = "<group>";
		};
		72A8E8FE22DA197100D9E337 /* JZ1 */ = {
			isa = PBXGroup;
			children = (
				72A8E8FF22DA197100D9E337 /* main.cpp */,
				72A8E90422DA1B3600D9E337 /* Header.h */,
			);
			path = JZ1;
			sourceTree = "<group>";
		};
		72A8E90A22DA1F8A00D9E337 /* JZ3 */ = {
			isa = PBXGroup;
			children = (
				72A8E90B22DA1F8A00D9E337 /* main.cpp */,
			);
			path = JZ3;
			sourceTree = "<group>";
		};
		72D8DAEA22E60604001F0CBF /* JZ4 */ = {
			isa = PBXGroup;
			children = (
				72D8DAEB22E60604001F0CBF /* main.cpp */,
			);
			path = JZ4;
			sourceTree = "<group>";
		};
		72D8DAF522E60955001F0CBF /* JZ5 */ = {
			isa = PBXGroup;
			children = (
				72D8DAF622E60955001F0CBF /* main.cpp */,
			);
			path = JZ5;
			sourceTree = "<group>";
		};
		72E31DAC22CF91BF00CFB43F = {
			isa = PBXGroup;
			children = (
				72E31DB722CF91BF00CFB43F /* C-Primer */,
				72E31DC422CF925B00CFB43F /* virtualFunction */,
				72E31DCF22CF958A00CFB43F /* inheritance */,
				7231BFD522D07CBA00144F98 /* override_test */,
				7231BFE022D0816500144F98 /* purevirtual */,
				72A8E8FE22DA197100D9E337 /* JZ1 */,
				72A8E90A22DA1F8A00D9E337 /* JZ3 */,
				7295C79A22E3533B009E9060 /* Reference */,
				7295C7A522E35A1A009E9060 /* template */,
				72D8DAEA22E60604001F0CBF /* JZ4 */,
				72D8DAF522E60955001F0CBF /* JZ5 */,
				72E31DB622CF91BF00CFB43F /* Products */,
			);
			sourceTree = "<group>";
		};
		72E31DB622CF91BF00CFB43F /* Products */ = {
			isa = PBXGroup;
			children = (
				72E31DB522CF91BF00CFB43F /* C-Primer */,
				72E31DC322CF925B00CFB43F /* virtualFunction */,
				72E31DCE22CF958A00CFB43F /* inheritance */,
				7231BFD422D07CBA00144F98 /* override_test */,
				7231BFDF22D0816500144F98 /* purevirtual */,
				72A8E8FD22DA197100D9E337 /* JZ1 */,
				72A8E90922DA1F8A00D9E337 /* JZ3 */,
				7295C79922E3533B009E9060 /* Reference */,
				7295C7A422E35A1A009E9060 /* template */,
				72D8DAE922E60604001F0CBF /* JZ4 */,
				72D8DAF422E60955001F0CBF /* JZ5 */,
			);
			name = Products;
			sourceTree = "<group>";
		};
		72E31DB722CF91BF00CFB43F /* C-Primer */ = {
			isa = PBXGroup;
			children = (
				72E31DB822CF91BF00CFB43F /* main.cpp */,
			);
			path = "C-Primer";
			sourceTree = "<group>";
		};
		72E31DC422CF925B00CFB43F /* virtualFunction */ = {
			isa = PBXGroup;
			children = (
				72E31DC522CF925B00CFB43F /* main.cpp */,
			);
			path = virtualFunction;
			sourceTree = "<group>";
		};
		72E31DCF22CF958A00CFB43F /* inheritance */ = {
			isa = PBXGroup;
			children = (
				72E31DD022CF958A00CFB43F /* main.cpp */,
			);
			path = inheritance;
			sourceTree = "<group>";
		};
/* End PBXGroup section */

/* Begin PBXNativeTarget section */
		7231BFD322D07CBA00144F98 /* override_test */ = {
			isa = PBXNativeTarget;
			buildConfigurationList = 7231BFDA22D07CBA00144F98 /* Build configuration list for PBXNativeTarget "override_test" */;
			buildPhases = (
				7231BFD022D07CBA00144F98 /* Sources */,
				7231BFD122D07CBA00144F98 /* Frameworks */,
				7231BFD222D07CBA00144F98 /* CopyFiles */,
			);
			buildRules = (
			);
			dependencies = (
			);
			name = override_test;
			productName = override_test;
			productReference = 7231BFD422D07CBA00144F98 /* override_test */;
			productType = "com.apple.product-type.tool";
		};
		7231BFDE22D0816500144F98 /* purevirtual */ = {
			isa = PBXNativeTarget;
			buildConfigurationList = 7231BFE322D0816500144F98 /* Build configuration list for PBXNativeTarget "purevirtual" */;
			buildPhases = (
				7231BFDB22D0816500144F98 /* Sources */,
				7231BFDC22D0816500144F98 /* Frameworks */,
				7231BFDD22D0816500144F98 /* CopyFiles */,
			);
			buildRules = (
			);
			dependencies = (
			);
			name = purevirtual;
			productName = purevirtual;
			productReference = 7231BFDF22D0816500144F98 /* purevirtual */;
			productType = "com.apple.product-type.tool";
		};
		7295C79822E3533B009E9060 /* Reference */ = {
			isa = PBXNativeTarget;
			buildConfigurationList = 7295C79F22E3533B009E9060 /* Build configuration list for PBXNativeTarget "Reference" */;
			buildPhases = (
				7295C79522E3533B009E9060 /* Sources */,
				7295C79622E3533B009E9060 /* Frameworks */,
				7295C79722E3533B009E9060 /* CopyFiles */,
			);
			buildRules = (
			);
			dependencies = (
			);
			name = Reference;
			productName = Reference;
			productReference = 7295C79922E3533B009E9060 /* Reference */;
			productType = "com.apple.product-type.tool";
		};
		7295C7A322E35A1A009E9060 /* template */ = {
			isa = PBXNativeTarget;
			buildConfigurationList = 7295C7A822E35A1A009E9060 /* Build configuration list for PBXNativeTarget "template" */;
			buildPhases = (
				7295C7A022E35A1A009E9060 /* Sources */,
				7295C7A122E35A1A009E9060 /* Frameworks */,
				7295C7A222E35A1A009E9060 /* CopyFiles */,
			);
			buildRules = (
			);
			dependencies = (
			);
			name = template;
			productName = template;
			productReference = 7295C7A422E35A1A009E9060 /* template */;
			productType = "com.apple.product-type.tool";
		};
		72A8E8FC22DA197100D9E337 /* JZ1 */ = {
			isa = PBXNativeTarget;
			buildConfigurationList = 72A8E90322DA197100D9E337 /* Build configuration list for PBXNativeTarget "JZ1" */;
			buildPhases = (
				72A8E8F922DA197100D9E337 /* Sources */,
				72A8E8FA22DA197100D9E337 /* Frameworks */,
				72A8E8FB22DA197100D9E337 /* CopyFiles */,
			);
			buildRules = (
			);
			dependencies = (
			);
			name = JZ1;
			productName = JZ1;
			productReference = 72A8E8FD22DA197100D9E337 /* JZ1 */;
			productType = "com.apple.product-type.tool";
		};
		72A8E90822DA1F8A00D9E337 /* JZ3 */ = {
			isa = PBXNativeTarget;
			buildConfigurationList = 72A8E90F22DA1F8A00D9E337 /* Build configuration list for PBXNativeTarget "JZ3" */;
			buildPhases = (
				72A8E90522DA1F8A00D9E337 /* Sources */,
				72A8E90622DA1F8A00D9E337 /* Frameworks */,
				72A8E90722DA1F8A00D9E337 /* CopyFiles */,
			);
			buildRules = (
			);
			dependencies = (
			);
			name = JZ3;
			productName = JZ3;
			productReference = 72A8E90922DA1F8A00D9E337 /* JZ3 */;
			productType = "com.apple.product-type.tool";
		};
		72D8DAE822E60604001F0CBF /* JZ4 */ = {
			isa = PBXNativeTarget;
			buildConfigurationList = 72D8DAEF22E60604001F0CBF /* Build configuration list for PBXNativeTarget "JZ4" */;
			buildPhases = (
				72D8DAE522E60604001F0CBF /* Sources */,
				72D8DAE622E60604001F0CBF /* Frameworks */,
				72D8DAE722E60604001F0CBF /* CopyFiles */,
			);
			buildRules = (
			);
			dependencies = (
			);
			name = JZ4;
			productName = JZ4;
			productReference = 72D8DAE922E60604001F0CBF /* JZ4 */;
			productType = "com.apple.product-type.tool";
		};
		72D8DAF322E60955001F0CBF /* JZ5 */ = {
			isa = PBXNativeTarget;
			buildConfigurationList = 72D8DAF822E60955001F0CBF /* Build configuration list for PBXNativeTarget "JZ5" */;
			buildPhases = (
				72D8DAF022E60955001F0CBF /* Sources */,
				72D8DAF122E60955001F0CBF /* Frameworks */,
				72D8DAF222E60955001F0CBF /* CopyFiles */,
			);
			buildRules = (
			);
			dependencies = (
			);
			name = JZ5;
			productName = JZ5;
			productReference = 72D8DAF422E60955001F0CBF /* JZ5 */;
			productType = "com.apple.product-type.tool";
		};
		72E31DB422CF91BF00CFB43F /* C-Primer */ = {
			isa = PBXNativeTarget;
			buildConfigurationList = 72E31DBC22CF91BF00CFB43F /* Build configuration list for PBXNativeTarget "C-Primer" */;
			buildPhases = (
				72E31DB122CF91BF00CFB43F /* Sources */,
				72E31DB222CF91BF00CFB43F /* Frameworks */,
				72E31DB322CF91BF00CFB43F /* CopyFiles */,
			);
			buildRules = (
			);
			dependencies = (
			);
			name = "C-Primer";
			productName = "C-Primer";
			productReference = 72E31DB522CF91BF00CFB43F /* C-Primer */;
			productType = "com.apple.product-type.tool";
		};
		72E31DC222CF925B00CFB43F /* virtualFunction */ = {
			isa = PBXNativeTarget;
			buildConfigurationList = 72E31DC722CF925B00CFB43F /* Build configuration list for PBXNativeTarget "virtualFunction" */;
			buildPhases = (
				72E31DBF22CF925B00CFB43F /* Sources */,
				72E31DC022CF925B00CFB43F /* Frameworks */,
				72E31DC122CF925B00CFB43F /* CopyFiles */,
			);
			buildRules = (
			);
			dependencies = (
			);
			name = virtualFunction;
			productName = virtualFunction;
			productReference = 72E31DC322CF925B00CFB43F /* virtualFunction */;
			productType = "com.apple.product-type.tool";
		};
		72E31DCD22CF958A00CFB43F /* inheritance */ = {
			isa = PBXNativeTarget;
			buildConfigurationList = 72E31DD222CF958A00CFB43F /* Build configuration list for PBXNativeTarget "inheritance" */;
			buildPhases = (
				72E31DCA22CF958A00CFB43F /* Sources */,
				72E31DCB22CF958A00CFB43F /* Frameworks */,
				72E31DCC22CF958A00CFB43F /* CopyFiles */,
			);
			buildRules = (
			);
			dependencies = (
			);
			name = inheritance;
			productName = inheritance;
			productReference = 72E31DCE22CF958A00CFB43F /* inheritance */;
			productType = "com.apple.product-type.tool";
		};
/* End PBXNativeTarget section */

/* Begin PBXProject section */
		72E31DAD22CF91BF00CFB43F /* Project object */ = {
			isa = PBXProject;
			attributes = {
				LastUpgradeCheck = 1020;
				ORGANIZATIONNAME = "王子昱";
				TargetAttributes = {
					7231BFD322D07CBA00144F98 = {
						CreatedOnToolsVersion = 10.2.1;
					};
					7231BFDE22D0816500144F98 = {
						CreatedOnToolsVersion = 10.2.1;
					};
					7295C79822E3533B009E9060 = {
						CreatedOnToolsVersion = 10.2.1;
					};
					7295C7A322E35A1A009E9060 = {
						CreatedOnToolsVersion = 10.2.1;
					};
					72A8E8FC22DA197100D9E337 = {
						CreatedOnToolsVersion = 10.2.1;
					};
					72A8E90822DA1F8A00D9E337 = {
						CreatedOnToolsVersion = 10.2.1;
					};
					72D8DAE822E60604001F0CBF = {
						CreatedOnToolsVersion = 10.2.1;
					};
					72D8DAF322E60955001F0CBF = {
						CreatedOnToolsVersion = 10.2.1;
					};
					72E31DB422CF91BF00CFB43F = {
						CreatedOnToolsVersion = 10.2.1;
					};
					72E31DC222CF925B00CFB43F = {
						CreatedOnToolsVersion = 10.2.1;
					};
					72E31DCD22CF958A00CFB43F = {
						CreatedOnToolsVersion = 10.2.1;
					};
				};
			};
			buildConfigurationList = 72E31DB022CF91BF00CFB43F /* Build configuration list for PBXProject "C-Primer" */;
			compatibilityVersion = "Xcode 9.3";
			developmentRegion = en;
			hasScannedForEncodings = 0;
			knownRegions = (
				en,
			);
			mainGroup = 72E31DAC22CF91BF00CFB43F;
			productRefGroup = 72E31DB622CF91BF00CFB43F /* Products */;
			projectDirPath = "";
			projectRoot = "";
			targets = (
				72E31DB422CF91BF00CFB43F /* C-Primer */,
				72E31DC222CF925B00CFB43F /* virtualFunction */,
				72E31DCD22CF958A00CFB43F /* inheritance */,
				7231BFD322D07CBA00144F98 /* override_test */,
				7231BFDE22D0816500144F98 /* purevirtual */,
				72A8E8FC22DA197100D9E337 /* JZ1 */,
				72A8E90822DA1F8A00D9E337 /* JZ3 */,
				7295C79822E3533B009E9060 /* Reference */,
				7295C7A322E35A1A009E9060 /* template */,
				72D8DAE822E60604001F0CBF /* JZ4 */,
				72D8DAF322E60955001F0CBF /* JZ5 */,
			);
		};
/* End PBXProject section */

/* Begin PBXSourcesBuildPhase section */
		7231BFD022D07CBA00144F98 /* Sources */ = {
			isa = PBXSourcesBuildPhase;
			buildActionMask = 2147483647;
			files = (
				7231BFD722D07CBA00144F98 /* main.cpp in Sources */,
			);
			runOnlyForDeploymentPostprocessing = 0;
		};
		7231BFDB22D0816500144F98 /* Sources */ = {
			isa = PBXSourcesBuildPhase;
			buildActionMask = 2147483647;
			files = (
				7231BFE222D0816500144F98 /* main.cpp in Sources */,
			);
			runOnlyForDeploymentPostprocessing = 0;
		};
		7295C79522E3533B009E9060 /* Sources */ = {
			isa = PBXSourcesBuildPhase;
			buildActionMask = 2147483647;
			files = (
				7295C79C22E3533B009E9060 /* main.cpp in Sources */,
			);
			runOnlyForDeploymentPostprocessing = 0;
		};
		7295C7A022E35A1A009E9060 /* Sources */ = {
			isa = PBXSourcesBuildPhase;
			buildActionMask = 2147483647;
			files = (
				7295C7A722E35A1A009E9060 /* main.cpp in Sources */,
			);
			runOnlyForDeploymentPostprocessing = 0;
		};
		72A8E8F922DA197100D9E337 /* Sources */ = {
			isa = PBXSourcesBuildPhase;
			buildActionMask = 2147483647;
			files = (
				72A8E90022DA197100D9E337 /* main.cpp in Sources */,
			);
			runOnlyForDeploymentPostprocessing = 0;
		};
		72A8E90522DA1F8A00D9E337 /* Sources */ = {
			isa = PBXSourcesBuildPhase;
			buildActionMask = 2147483647;
			files = (
				72A8E90C22DA1F8A00D9E337 /* main.cpp in Sources */,
			);
			runOnlyForDeploymentPostprocessing = 0;
		};
		72D8DAE522E60604001F0CBF /* Sources */ = {
			isa = PBXSourcesBuildPhase;
			buildActionMask = 2147483647;
			files = (
				72D8DAEC22E60604001F0CBF /* main.cpp in Sources */,
			);
			runOnlyForDeploymentPostprocessing = 0;
		};
		72D8DAF022E60955001F0CBF /* Sources */ = {
			isa = PBXSourcesBuildPhase;
			buildActionMask = 2147483647;
			files = (
				72D8DAF722E60955001F0CBF /* main.cpp in Sources */,
			);
			runOnlyForDeploymentPostprocessing = 0;
		};
		72E31DB122CF91BF00CFB43F /* Sources */ = {
			isa = PBXSourcesBuildPhase;
			buildActionMask = 2147483647;
			files = (
				72E31DB922CF91BF00CFB43F /* main.cpp in Sources */,
			);
			runOnlyForDeploymentPostprocessing = 0;
		};
		72E31DBF22CF925B00CFB43F /* Sources */ = {
			isa = PBXSourcesBuildPhase;
			buildActionMask = 2147483647;
			files = (
				72E31DC622CF925B00CFB43F /* main.cpp in Sources */,
			);
			runOnlyForDeploymentPostprocessing = 0;
		};
		72E31DCA22CF958A00CFB43F /* Sources */ = {
			isa = PBXSourcesBuildPhase;
			buildActionMask = 2147483647;
			files = (
				72E31DD122CF958A00CFB43F /* main.cpp in Sources */,
			);
			runOnlyForDeploymentPostprocessing = 0;
		};
/* End PBXSourcesBuildPhase section */

/* Begin XCBuildConfiguration section */
		7231BFD822D07CBA00144F98 /* Debug */ = {
			isa = XCBuildConfiguration;
			buildSettings = {
				CODE_SIGN_STYLE = Automatic;
				DEVELOPMENT_TEAM = D24ZF2P2US;
				PRODUCT_NAME = "$(TARGET_NAME)";
			};
			name = Debug;
		};
		7231BFD922D07CBA00144F98 /* Release */ = {
			isa = XCBuildConfiguration;
			buildSettings = {
				CODE_SIGN_STYLE = Automatic;
				DEVELOPMENT_TEAM = D24ZF2P2US;
				PRODUCT_NAME = "$(TARGET_NAME)";
			};
			name = Release;
		};
		7231BFE422D0816500144F98 /* Debug */ = {
			isa = XCBuildConfiguration;
			buildSettings = {
				CODE_SIGN_STYLE = Automatic;
				DEVELOPMENT_TEAM = D24ZF2P2US;
				PRODUCT_NAME = "$(TARGET_NAME)";
			};
			name = Debug;
		};
		7231BFE522D0816500144F98 /* Release */ = {
			isa = XCBuildConfiguration;
			buildSettings = {
				CODE_SIGN_STYLE = Automatic;
				DEVELOPMENT_TEAM = D24ZF2P2US;
				PRODUCT_NAME = "$(TARGET_NAME)";
			};
			name = Release;
		};
		7295C79D22E3533B009E9060 /* Debug */ = {
			isa = XCBuildConfiguration;
			buildSettings = {
				CODE_SIGN_STYLE = Automatic;
				DEVELOPMENT_TEAM = D24ZF2P2US;
				PRODUCT_NAME = "$(TARGET_NAME)";
			};
			name = Debug;
		};
		7295C79E22E3533B009E9060 /* Release */ = {
			isa = XCBuildConfiguration;
			buildSettings = {
				CODE_SIGN_STYLE = Automatic;
				DEVELOPMENT_TEAM = D24ZF2P2US;
				PRODUCT_NAME = "$(TARGET_NAME)";
			};
			name = Release;
		};
		7295C7A922E35A1A009E9060 /* Debug */ = {
			isa = XCBuildConfiguration;
			buildSettings = {
				CODE_SIGN_STYLE = Automatic;
				DEVELOPMENT_TEAM = D24ZF2P2US;
				PRODUCT_NAME = "$(TARGET_NAME)";
			};
			name = Debug;
		};
		7295C7AA22E35A1A009E9060 /* Release */ = {
			isa = XCBuildConfiguration;
			buildSettings = {
				CODE_SIGN_STYLE = Automatic;
				DEVELOPMENT_TEAM = D24ZF2P2US;
				PRODUCT_NAME = "$(TARGET_NAME)";
			};
			name = Release;
		};
		72A8E90122DA197100D9E337 /* Debug */ = {
			isa = XCBuildConfiguration;
			buildSettings = {
				CODE_SIGN_STYLE = Automatic;
				DEVELOPMENT_TEAM = D24ZF2P2US;
				PRODUCT_NAME = "$(TARGET_NAME)";
			};
			name = Debug;
		};
		72A8E90222DA197100D9E337 /* Release */ = {
			isa = XCBuildConfiguration;
			buildSettings = {
				CODE_SIGN_STYLE = Automatic;
				DEVELOPMENT_TEAM = D24ZF2P2US;
				PRODUCT_NAME = "$(TARGET_NAME)";
			};
			name = Release;
		};
		72A8E90D22DA1F8A00D9E337 /* Debug */ = {
			isa = XCBuildConfiguration;
			buildSettings = {
				CODE_SIGN_STYLE = Automatic;
				DEVELOPMENT_TEAM = D24ZF2P2US;
				PRODUCT_NAME = "$(TARGET_NAME)";
			};
			name = Debug;
		};
		72A8E90E22DA1F8A00D9E337 /* Release */ = {
			isa = XCBuildConfiguration;
			buildSettings = {
				CODE_SIGN_STYLE = Automatic;
				DEVELOPMENT_TEAM = D24ZF2P2US;
				PRODUCT_NAME = "$(TARGET_NAME)";
			};
			name = Release;
		};
		72D8DAED22E60604001F0CBF /* Debug */ = {
			isa = XCBuildConfiguration;
			buildSettings = {
				CODE_SIGN_STYLE = Automatic;
				DEVELOPMENT_TEAM = D24ZF2P2US;
				PRODUCT_NAME = "$(TARGET_NAME)";
			};
			name = Debug;
		};
		72D8DAEE22E60604001F0CBF /* Release */ = {
			isa = XCBuildConfiguration;
			buildSettings = {
				CODE_SIGN_STYLE = Automatic;
				DEVELOPMENT_TEAM = D24ZF2P2US;
				PRODUCT_NAME = "$(TARGET_NAME)";
			};
			name = Release;
		};
		72D8DAF922E60955001F0CBF /* Debug */ = {
			isa = XCBuildConfiguration;
			buildSettings = {
				CODE_SIGN_STYLE = Automatic;
				DEVELOPMENT_TEAM = D24ZF2P2US;
				PRODUCT_NAME = "$(TARGET_NAME)";
			};
			name = Debug;
		};
		72D8DAFA22E60955001F0CBF /* Release */ = {
			isa = XCBuildConfiguration;
			buildSettings = {
				CODE_SIGN_STYLE = Automatic;
				DEVELOPMENT_TEAM = D24ZF2P2US;
				PRODUCT_NAME = "$(TARGET_NAME)";
			};
			name = Release;
		};
		72E31DBA22CF91BF00CFB43F /* Debug */ = {
			isa = XCBuildConfiguration;
			buildSettings = {
				ALWAYS_SEARCH_USER_PATHS = NO;
				CLANG_ANALYZER_NONNULL = YES;
				CLANG_ANALYZER_NUMBER_OBJECT_CONVERSION = YES_AGGRESSIVE;
				CLANG_CXX_LANGUAGE_STANDARD = "gnu++14";
				CLANG_CXX_LIBRARY = "libc++";
				CLANG_ENABLE_MODULES = YES;
				CLANG_ENABLE_OBJC_ARC = YES;
				CLANG_ENABLE_OBJC_WEAK = YES;
				CLANG_WARN_BLOCK_CAPTURE_AUTORELEASING = YES;
				CLANG_WARN_BOOL_CONVERSION = YES;
				CLANG_WARN_COMMA = YES;
				CLANG_WARN_CONSTANT_CONVERSION = YES;
				CLANG_WARN_DEPRECATED_OBJC_IMPLEMENTATIONS = YES;
				CLANG_WARN_DIRECT_OBJC_ISA_USAGE = YES_ERROR;
				CLANG_WARN_DOCUMENTATION_COMMENTS = YES;
				CLANG_WARN_EMPTY_BODY = YES;
				CLANG_WARN_ENUM_CONVERSION = YES;
				CLANG_WARN_INFINITE_RECURSION = YES;
				CLANG_WARN_INT_CONVERSION = YES;
				CLANG_WARN_NON_LITERAL_NULL_CONVERSION = YES;
				CLANG_WARN_OBJC_IMPLICIT_RETAIN_SELF = YES;
				CLANG_WARN_OBJC_LITERAL_CONVERSION = YES;
				CLANG_WARN_OBJC_ROOT_CLASS = YES_ERROR;
				CLANG_WARN_RANGE_LOOP_ANALYSIS = YES;
				CLANG_WARN_STRICT_PROTOTYPES = YES;
				CLANG_WARN_SUSPICIOUS_MOVE = YES;
				CLANG_WARN_UNGUARDED_AVAILABILITY = YES_AGGRESSIVE;
				CLANG_WARN_UNREACHABLE_CODE = YES;
				CLANG_WARN__DUPLICATE_METHOD_MATCH = YES;
				CODE_SIGN_IDENTITY = "Mac Developer";
				COPY_PHASE_STRIP = NO;
				DEBUG_INFORMATION_FORMAT = dwarf;
				ENABLE_STRICT_OBJC_MSGSEND = YES;
				ENABLE_TESTABILITY = YES;
				GCC_C_LANGUAGE_STANDARD = gnu11;
				GCC_DYNAMIC_NO_PIC = NO;
				GCC_NO_COMMON_BLOCKS = YES;
				GCC_OPTIMIZATION_LEVEL = 0;
				GCC_PREPROCESSOR_DEFINITIONS = (
					"DEBUG=1",
					"$(inherited)",
				);
				GCC_WARN_64_TO_32_BIT_CONVERSION = YES;
				GCC_WARN_ABOUT_RETURN_TYPE = YES_ERROR;
				GCC_WARN_UNDECLARED_SELECTOR = YES;
				GCC_WARN_UNINITIALIZED_AUTOS = YES_AGGRESSIVE;
				GCC_WARN_UNUSED_FUNCTION = YES;
				GCC_WARN_UNUSED_VARIABLE = YES;
				MACOSX_DEPLOYMENT_TARGET = 10.14;
				MTL_ENABLE_DEBUG_INFO = INCLUDE_SOURCE;
				MTL_FAST_MATH = YES;
				ONLY_ACTIVE_ARCH = YES;
				SDKROOT = macosx;
			};
			name = Debug;
		};
		72E31DBB22CF91BF00CFB43F /* Release */ = {
			isa = XCBuildConfiguration;
			buildSettings = {
				ALWAYS_SEARCH_USER_PATHS = NO;
				CLANG_ANALYZER_NONNULL = YES;
				CLANG_ANALYZER_NUMBER_OBJECT_CONVERSION = YES_AGGRESSIVE;
				CLANG_CXX_LANGUAGE_STANDARD = "gnu++14";
				CLANG_CXX_LIBRARY = "libc++";
				CLANG_ENABLE_MODULES = YES;
				CLANG_ENABLE_OBJC_ARC = YES;
				CLANG_ENABLE_OBJC_WEAK = YES;
				CLANG_WARN_BLOCK_CAPTURE_AUTORELEASING = YES;
				CLANG_WARN_BOOL_CONVERSION = YES;
				CLANG_WARN_COMMA = YES;
				CLANG_WARN_CONSTANT_CONVERSION = YES;
				CLANG_WARN_DEPRECATED_OBJC_IMPLEMENTATIONS = YES;
				CLANG_WARN_DIRECT_OBJC_ISA_USAGE = YES_ERROR;
				CLANG_WARN_DOCUMENTATION_COMMENTS = YES;
				CLANG_WARN_EMPTY_BODY = YES;
				CLANG_WARN_ENUM_CONVERSION = YES;
				CLANG_WARN_INFINITE_RECURSION = YES;
				CLANG_WARN_INT_CONVERSION = YES;
				CLANG_WARN_NON_LITERAL_NULL_CONVERSION = YES;
				CLANG_WARN_OBJC_IMPLICIT_RETAIN_SELF = YES;
				CLANG_WARN_OBJC_LITERAL_CONVERSION = YES;
				CLANG_WARN_OBJC_ROOT_CLASS = YES_ERROR;
				CLANG_WARN_RANGE_LOOP_ANALYSIS = YES;
				CLANG_WARN_STRICT_PROTOTYPES = YES;
				CLANG_WARN_SUSPICIOUS_MOVE = YES;
				CLANG_WARN_UNGUARDED_AVAILABILITY = YES_AGGRESSIVE;
				CLANG_WARN_UNREACHABLE_CODE = YES;
				CLANG_WARN__DUPLICATE_METHOD_MATCH = YES;
				CODE_SIGN_IDENTITY = "Mac Developer";
				COPY_PHASE_STRIP = NO;
				DEBUG_INFORMATION_FORMAT = "dwarf-with-dsym";
				ENABLE_NS_ASSERTIONS = NO;
				ENABLE_STRICT_OBJC_MSGSEND = YES;
				GCC_C_LANGUAGE_STANDARD = gnu11;
				GCC_NO_COMMON_BLOCKS = YES;
				GCC_WARN_64_TO_32_BIT_CONVERSION = YES;
				GCC_WARN_ABOUT_RETURN_TYPE = YES_ERROR;
				GCC_WARN_UNDECLARED_SELECTOR = YES;
				GCC_WARN_UNINITIALIZED_AUTOS = YES_AGGRESSIVE;
				GCC_WARN_UNUSED_FUNCTION = YES;
				GCC_WARN_UNUSED_VARIABLE = YES;
				MACOSX_DEPLOYMENT_TARGET = 10.14;
				MTL_ENABLE_DEBUG_INFO = NO;
				MTL_FAST_MATH = YES;
				SDKROOT = macosx;
			};
			name = Release;
		};
		72E31DBD22CF91BF00CFB43F /* Debug */ = {
			isa = XCBuildConfiguration;
			buildSettings = {
				CODE_SIGN_STYLE = Automatic;
				DEVELOPMENT_TEAM = D24ZF2P2US;
				PRODUCT_NAME = "$(TARGET_NAME)";
			};
			name = Debug;
		};
		72E31DBE22CF91BF00CFB43F /* Release */ = {
			isa = XCBuildConfiguration;
			buildSettings = {
				CODE_SIGN_STYLE = Automatic;
				DEVELOPMENT_TEAM = D24ZF2P2US;
				PRODUCT_NAME = "$(TARGET_NAME)";
			};
			name = Release;
		};
		72E31DC822CF925B00CFB43F /* Debug */ = {
			isa = XCBuildConfiguration;
			buildSettings = {
				CODE_SIGN_STYLE = Automatic;
				DEVELOPMENT_TEAM = D24ZF2P2US;
				PRODUCT_NAME = "$(TARGET_NAME)";
			};
			name = Debug;
		};
		72E31DC922CF925B00CFB43F /* Release */ = {
			isa = XCBuildConfiguration;
			buildSettings = {
				CODE_SIGN_STYLE = Automatic;
				DEVELOPMENT_TEAM = D24ZF2P2US;
				PRODUCT_NAME = "$(TARGET_NAME)";
			};
			name = Release;
		};
		72E31DD322CF958A00CFB43F /* Debug */ = {
			isa = XCBuildConfiguration;
			buildSettings = {
				CODE_SIGN_STYLE = Automatic;
				DEVELOPMENT_TEAM = D24ZF2P2US;
				PRODUCT_NAME = "$(TARGET_NAME)";
			};
			name = Debug;
		};
		72E31DD422CF958A00CFB43F /* Release */ = {
			isa = XCBuildConfiguration;
			buildSettings = {
				CODE_SIGN_STYLE = Automatic;
				DEVELOPMENT_TEAM = D24ZF2P2US;
				PRODUCT_NAME = "$(TARGET_NAME)";
			};
			name = Release;
		};
/* End XCBuildConfiguration section */

/* Begin XCConfigurationList section */
		7231BFDA22D07CBA00144F98 /* Build configuration list for PBXNativeTarget "override_test" */ = {
			isa = XCConfigurationList;
			buildConfigurations = (
				7231BFD822D07CBA00144F98 /* Debug */,
				7231BFD922D07CBA00144F98 /* Release */,
			);
			defaultConfigurationIsVisible = 0;
			defaultConfigurationName = Release;
		};
		7231BFE322D0816500144F98 /* Build configuration list for PBXNativeTarget "purevirtual" */ = {
			isa = XCConfigurationList;
			buildConfigurations = (
				7231BFE422D0816500144F98 /* Debug */,
				7231BFE522D0816500144F98 /* Release */,
			);
			defaultConfigurationIsVisible = 0;
			defaultConfigurationName = Release;
		};
		7295C79F22E3533B009E9060 /* Build configuration list for PBXNativeTarget "Reference" */ = {
			isa = XCConfigurationList;
			buildConfigurations = (
				7295C79D22E3533B009E9060 /* Debug */,
				7295C79E22E3533B009E9060 /* Release */,
			);
			defaultConfigurationIsVisible = 0;
			defaultConfigurationName = Release;
		};
		7295C7A822E35A1A009E9060 /* Build configuration list for PBXNativeTarget "template" */ = {
			isa = XCConfigurationList;
			buildConfigurations = (
				7295C7A922E35A1A009E9060 /* Debug */,
				7295C7AA22E35A1A009E9060 /* Release */,
			);
			defaultConfigurationIsVisible = 0;
			defaultConfigurationName = Release;
		};
		72A8E90322DA197100D9E337 /* Build configuration list for PBXNativeTarget "JZ1" */ = {
			isa = XCConfigurationList;
			buildConfigurations = (
				72A8E90122DA197100D9E337 /* Debug */,
				72A8E90222DA197100D9E337 /* Release */,
			);
			defaultConfigurationIsVisible = 0;
			defaultConfigurationName = Release;
		};
		72A8E90F22DA1F8A00D9E337 /* Build configuration list for PBXNativeTarget "JZ3" */ = {
			isa = XCConfigurationList;
			buildConfigurations = (
				72A8E90D22DA1F8A00D9E337 /* Debug */,
				72A8E90E22DA1F8A00D9E337 /* Release */,
			);
			defaultConfigurationIsVisible = 0;
			defaultConfigurationName = Release;
		};
		72D8DAEF22E60604001F0CBF /* Build configuration list for PBXNativeTarget "JZ4" */ = {
			isa = XCConfigurationList;
			buildConfigurations = (
				72D8DAED22E60604001F0CBF /* Debug */,
				72D8DAEE22E60604001F0CBF /* Release */,
			);
			defaultConfigurationIsVisible = 0;
			defaultConfigurationName = Release;
		};
		72D8DAF822E60955001F0CBF /* Build configuration list for PBXNativeTarget "JZ5" */ = {
			isa = XCConfigurationList;
			buildConfigurations = (
				72D8DAF922E60955001F0CBF /* Debug */,
				72D8DAFA22E60955001F0CBF /* Release */,
			);
			defaultConfigurationIsVisible = 0;
			defaultConfigurationName = Release;
		};
		72E31DB022CF91BF00CFB43F /* Build configuration list for PBXProject "C-Primer" */ = {
			isa = XCConfigurationList;
			buildConfigurations = (
				72E31DBA22CF91BF00CFB43F /* Debug */,
				72E31DBB22CF91BF00CFB43F /* Release */,
			);
			defaultConfigurationIsVisible = 0;
			defaultConfigurationName = Release;
		};
		72E31DBC22CF91BF00CFB43F /* Build configuration list for PBXNativeTarget "C-Primer" */ = {
			isa = XCConfigurationList;
			buildConfigurations = (
				72E31DBD22CF91BF00CFB43F /* Debug */,
				72E31DBE22CF91BF00CFB43F /* Release */,
			);
			defaultConfigurationIsVisible = 0;
			defaultConfigurationName = Release;
		};
		72E31DC722CF925B00CFB43F /* Build configuration list for PBXNativeTarget "virtualFunction" */ = {
			isa = XCConfigurationList;
			buildConfigurations = (
				72E31DC822CF925B00CFB43F /* Debug */,
				72E31DC922CF925B00CFB43F /* Release */,
			);
			defaultConfigurationIsVisible = 0;
			defaultConfigurationName = Release;
		};
		72E31DD222CF958A00CFB43F /* Build configuration list for PBXNativeTarget "inheritance" */ = {
			isa = XCConfigurationList;
			buildConfigurations = (
				72E31DD322CF958A00CFB43F /* Debug */,
				72E31DD422CF958A00CFB43F /* Release */,
			);
			defaultConfigurationIsVisible = 0;
			defaultConfigurationName = Release;
		};
/* End XCConfigurationList section */
	};
	rootObject = 72E31DAD22CF91BF00CFB43F /* Project object */;
}
